
Microsoft Visual Studio Solution File, Format Version 12.00
# Visual Studio Version 16
VisualStudioVersion = 16.0.31729.503
MinimumVisualStudioVersion = 10.0.40219.1
Project("{8BC9CEB8-8B4A-11D0-8D11-00A0C91BC942}") = "Lab4", "Lab4\Lab4.vcxproj", "{DE0A28FB-E927-4A8D-9486-0CA51E6C7420}"
EndProject
Global
	GlobalSection(SolutionConfigurationPlatforms) = preSolution
		Debug|x64 = Debug|x64
		Release|x64 = Release|x64
	EndGlobalSection
	GlobalSection(ProjectConfigurationPlatforms) = postSolution
		{DE0A28FB-E927-4A8D-9486-0CA51E6C7420}.Debug|x64.ActiveCfg = Debug|x64
		{DE0A28FB-E927-4A8D-9486-0CA51E6C7420}.Debug|x64.Build.0 = Debug|x64
		{DE0A28FB-E927-4A8D-9486-0CA51E6C7420}.Release|x64.ActiveCfg = Release|x64
		{DE0A28FB-E927-4A8D-9486-0CA51E6C7420}.Release|x64.Build.0 = Release|x64
	EndGlobalSection
	GlobalSection(SolutionProperties) = preSolution
		HideSolutionNode = FALSE
	EndGlobalSection
	GlobalSection(ExtensibilityGlobals) = postSolution
		SolutionGuid = {C32030DA-4171-4AA8-8FDA-934C6D71B661}
	EndGlobalSection
EndGlobal
